<?xml version="1.0" encoding="utf-8"?>
<Project ToolsVersion="4.0" xmlns="http://schemas.microsoft.com/developer/msbuild/2003">
  <ItemGroup>
    <Filter Include="리소스 파일">
      <UniqueIdentifier>{67DA6AB6-F800-4c08-8B7A-83BB121AAD01}</UniqueIdentifier>
      <Extensions>rc;ico;cur;bmp;dlg;rc2;rct;bin;rgs;gif;jpg;jpeg;jpe;resx;tiff;tif;png;wav;mfcribbon-ms</Extensions>
    </Filter>
    <Filter Include="99.Default">
      <UniqueIdentifier>{2465df2b-804b-4277-953a-f197728ebef5}</UniqueIdentifier>
    </Filter>
    <Filter Include="98.BaseHeader">
      <UniqueIdentifier>{751f2084-1ab9-4259-88f5-c6dbab53db76}</UniqueIdentifier>
    </Filter>
    <Filter Include="00.MainGame">
      <UniqueIdentifier>{3d8bb53d-84ec-46ce-be93-d122749492e3}</UniqueIdentifier>
    </Filter>
    <Filter Include="01.Object">
      <UniqueIdentifier>{f56c6ad9-3843-43ab-a768-c01aeb785205}</UniqueIdentifier>
    </Filter>
    <Filter Include="02.Scene">
      <UniqueIdentifier>{a9c479ac-bcf6-48e7-81b8-53a73393695a}</UniqueIdentifier>
    </Filter>
    <Filter Include="02.Scene\00.Test">
      <UniqueIdentifier>{0aa75211-b163-4a4a-a41f-648da3c455bf}</UniqueIdentifier>
    </Filter>
    <Filter Include="02.Scene\01.Logo">
      <UniqueIdentifier>{deb92e92-2bc5-43ae-9bf6-cf3863b1afff}</UniqueIdentifier>
    </Filter>
    <Filter Include="02.Scene\02.Loading">
      <UniqueIdentifier>{1f354dce-0df7-489c-a060-5e6a0f919baa}</UniqueIdentifier>
    </Filter>
    <Filter Include="02.Scene\05.MainStage">
      <UniqueIdentifier>{c2c69ea8-e2c5-4038-9a55-498e5a7b7007}</UniqueIdentifier>
    </Filter>
    <Filter Include="07.AI&amp;Algorithm">
      <UniqueIdentifier>{872f8bd2-81b2-44c5-b3b3-555d4c586d79}</UniqueIdentifier>
    </Filter>
    <Filter Include="07.AI&amp;Algorithm\01.BaseShooter">
      <UniqueIdentifier>{a35d5837-ebb0-4edb-80fd-ba3a4f4575c5}</UniqueIdentifier>
    </Filter>
    <Filter Include="01.Object\07.SkyBox">
      <UniqueIdentifier>{39612869-5cbd-470c-85bc-98364b0de235}</UniqueIdentifier>
    </Filter>
    <Filter Include="01.Object\09.Light">
      <UniqueIdentifier>{91b74688-ea82-4a17-bf05-233845cd4539}</UniqueIdentifier>
    </Filter>
    <Filter Include="01.Object\09.Light\00.TestLight">
      <UniqueIdentifier>{9883b46a-a405-46e6-b57b-603b993055b1}</UniqueIdentifier>
    </Filter>
    <Filter Include="02.Scene\01.Logo\00.LogoImage">
      <UniqueIdentifier>{709a0607-cfee-4f76-b215-cdbb596d9e43}</UniqueIdentifier>
    </Filter>
    <Filter Include="01.Object\00.TestObject">
      <UniqueIdentifier>{820d7cdc-6b74-43e3-8dd6-6a8efb2738d5}</UniqueIdentifier>
    </Filter>
    <Filter Include="01.Object\01.Player">
      <UniqueIdentifier>{d50e7383-afbf-49fa-b9ee-0787d7bf34b7}</UniqueIdentifier>
    </Filter>
    <Filter Include="01.Object\02.StaticObject">
      <UniqueIdentifier>{b66ecb36-a461-4d77-b3c4-3f3f39786a79}</UniqueIdentifier>
    </Filter>
    <Filter Include="01.Object\03.DynamicObject">
      <UniqueIdentifier>{2be581b9-6487-4022-aa0a-e821f9d2e0a4}</UniqueIdentifier>
    </Filter>
    <Filter Include="01.Object\04.Camera">
      <UniqueIdentifier>{9c2ddd88-51c6-484a-8ed0-86c664fce97b}</UniqueIdentifier>
    </Filter>
    <Filter Include="01.Object\04.Camera\00.TestCamera">
      <UniqueIdentifier>{f7f3516d-b05f-4daf-af48-ecfdef50568b}</UniqueIdentifier>
    </Filter>
    <Filter Include="01.Object\05.Terrain">
      <UniqueIdentifier>{88216a3b-7335-4903-8c45-d75a37bf1cca}</UniqueIdentifier>
    </Filter>
    <Filter Include="01.Object\05.Terrain\00.TestTerrain">
      <UniqueIdentifier>{7f10cf5d-f658-4e87-a254-6490c98b843a}</UniqueIdentifier>
    </Filter>
    <Filter Include="01.Object\08.NaviMeshController">
      <UniqueIdentifier>{220619b5-b484-4109-8e04-2a6caae1fc49}</UniqueIdentifier>
    </Filter>
  </ItemGroup>
  <ItemGroup>
    <ClInclude Include="D3DX_Single_GameProject.h">
      <Filter>99.Default</Filter>
    </ClInclude>
    <ClInclude Include="Resource.h">
      <Filter>99.Default</Filter>
    </ClInclude>
    <ClInclude Include="targetver.h">
      <Filter>99.Default</Filter>
    </ClInclude>
    <ClInclude Include="..\Headers\MainGame.h">
      <Filter>00.MainGame</Filter>
    </ClInclude>
    <ClInclude Include="..\Headers\Client_Enum.h">
      <Filter>98.BaseHeader</Filter>
    </ClInclude>
    <ClInclude Include="..\Headers\Client_Struct.h">
      <Filter>98.BaseHeader</Filter>
    </ClInclude>
    <ClInclude Include="..\Headers\Client_Define.h">
      <Filter>98.BaseHeader</Filter>
    </ClInclude>
    <ClInclude Include="..\Headers\framework.h">
      <Filter>98.BaseHeader</Filter>
    </ClInclude>
    <ClInclude Include="..\Headers\TestStage.h">
      <Filter>02.Scene\00.Test</Filter>
    </ClInclude>
    <ClInclude Include="..\Headers\BaseAI.h">
      <Filter>07.AI&amp;Algorithm</Filter>
    </ClInclude>
    <ClInclude Include="..\Headers\LoadingScene.h">
      <Filter>02.Scene\02.Loading</Filter>
    </ClInclude>
    <ClInclude Include="..\Headers\BaseLogoScene.h">
      <Filter>02.Scene\01.Logo</Filter>
    </ClInclude>
    <ClInclude Include="..\Headers\Player.h">
      <Filter>01.Object\01.Player</Filter>
    </ClInclude>
    <ClInclude Include="..\Headers\DynamicObject.h">
      <Filter>01.Object\03.DynamicObject</Filter>
    </ClInclude>
    <ClInclude Include="..\Headers\TestCamera.h">
      <Filter>01.Object\04.Camera\00.TestCamera</Filter>
    </ClInclude>
    <ClInclude Include="..\Headers\StaticObject.h">
      <Filter>01.Object\02.StaticObject</Filter>
    </ClInclude>
    <ClInclude Include="..\Headers\TestTerrain.h">
      <Filter>01.Object\05.Terrain\00.TestTerrain</Filter>
    </ClInclude>
    <ClInclude Include="..\Headers\SkyBox.h">
      <Filter>01.Object\07.SkyBox</Filter>
    </ClInclude>
    <ClInclude Include="..\Headers\TestLight.h">
      <Filter>01.Object\09.Light\00.TestLight</Filter>
    </ClInclude>
    <ClInclude Include="..\Headers\LogoImage.h">
      <Filter>02.Scene\01.Logo\00.LogoImage</Filter>
    </ClInclude>
    <ClInclude Include="..\Headers\TestObject.h">
      <Filter>01.Object\00.TestObject</Filter>
    </ClInclude>
    <ClInclude Include="..\Headers\NaviMeshController.h" />
  </ItemGroup>
  <ItemGroup>
    <ResourceCompile Include="D3DX_Single_GameProject.rc">
      <Filter>리소스 파일</Filter>
    </ResourceCompile>
  </ItemGroup>
  <ItemGroup>
    <Image Include="small.ico">
      <Filter>리소스 파일</Filter>
    </Image>
    <Image Include="D3DX_Single_GameProject.ico">
      <Filter>리소스 파일</Filter>
    </Image>
  </ItemGroup>
  <ItemGroup>
    <ClCompile Include="D3DX_Single_GameProject.cpp">
      <Filter>99.Default</Filter>
    </ClCompile>
    <ClCompile Include="..\Codes\MainGame.cpp">
      <Filter>00.MainGame</Filter>
    </ClCompile>
    <ClCompile Include="..\Codes\TestStage.cpp">
      <Filter>02.Scene\00.Test</Filter>
    </ClCompile>
    <ClCompile Include="..\Codes\BaseAI.cpp">
      <Filter>07.AI&amp;Algorithm</Filter>
    </ClCompile>
    <ClCompile Include="..\Codes\LoadingScene.cpp">
      <Filter>02.Scene\02.Loading</Filter>
    </ClCompile>
    <ClCompile Include="..\Codes\BaseLogoScene.cpp">
      <Filter>02.Scene\01.Logo</Filter>
    </ClCompile>
    <ClCompile Include="..\Codes\Player.cpp">
      <Filter>01.Object\01.Player</Filter>
    </ClCompile>
    <ClCompile Include="..\Codes\DynamicObject.cpp">
      <Filter>01.Object\03.DynamicObject</Filter>
    </ClCompile>
    <ClCompile Include="..\Codes\TestCamera.cpp">
      <Filter>01.Object\04.Camera\00.TestCamera</Filter>
    </ClCompile>
    <ClCompile Include="..\Codes\StaticObject.cpp">
      <Filter>01.Object\02.StaticObject</Filter>
    </ClCompile>
    <ClCompile Include="..\Codes\TestTerrain.cpp">
      <Filter>01.Object\05.Terrain\00.TestTerrain</Filter>
    </ClCompile>
    <ClCompile Include="..\Codes\SkyBox.cpp">
      <Filter>01.Object\07.SkyBox</Filter>
    </ClCompile>
    <ClCompile Include="..\Codes\TestLight.cpp">
      <Filter>01.Object\09.Light\00.TestLight</Filter>
    </ClCompile>
    <ClCompile Include="..\Codes\LogoImage.cpp">
      <Filter>02.Scene\01.Logo\00.LogoImage</Filter>
    </ClCompile>
    <ClCompile Include="..\Codes\TestObject.cpp">
      <Filter>01.Object\00.TestObject</Filter>
    </ClCompile>
    <ClCompile Include="..\Codes\NaviMeshController.cpp" />
  </ItemGroup>
</Project>