<?xml version="1.0" encoding="utf-8"?>
<Project ToolsVersion="4.0" xmlns="http://schemas.microsoft.com/developer/msbuild/2003">
  <ItemGroup>
    <Filter Include="리소스 파일">
      <UniqueIdentifier>{67DA6AB6-F800-4c08-8B7A-83BB121AAD01}</UniqueIdentifier>
      <Extensions>rc;ico;cur;bmp;dlg;rc2;rct;bin;rgs;gif;jpg;jpeg;jpe;resx;tiff;tif;png;wav;mfcribbon-ms</Extensions>
    </Filter>
    <Filter Include="99.Default">
      <UniqueIdentifier>{2465df2b-804b-4277-953a-f197728ebef5}</UniqueIdentifier>
    </Filter>
    <Filter Include="98.BaseHeader">
      <UniqueIdentifier>{751f2084-1ab9-4259-88f5-c6dbab53db76}</UniqueIdentifier>
    </Filter>
    <Filter Include="00.MainGame">
      <UniqueIdentifier>{3d8bb53d-84ec-46ce-be93-d122749492e3}</UniqueIdentifier>
    </Filter>
    <Filter Include="01.Object">
      <UniqueIdentifier>{f56c6ad9-3843-43ab-a768-c01aeb785205}</UniqueIdentifier>
    </Filter>
    <Filter Include="02.Scene">
      <UniqueIdentifier>{a9c479ac-bcf6-48e7-81b8-53a73393695a}</UniqueIdentifier>
    </Filter>
    <Filter Include="02.Scene\00.Test">
      <UniqueIdentifier>{0aa75211-b163-4a4a-a41f-648da3c455bf}</UniqueIdentifier>
    </Filter>
    <Filter Include="02.Scene\01.Logo">
      <UniqueIdentifier>{deb92e92-2bc5-43ae-9bf6-cf3863b1afff}</UniqueIdentifier>
    </Filter>
    <Filter Include="02.Scene\02.Loading">
      <UniqueIdentifier>{1f354dce-0df7-489c-a060-5e6a0f919baa}</UniqueIdentifier>
    </Filter>
    <Filter Include="07.AI&amp;Algorithm">
      <UniqueIdentifier>{872f8bd2-81b2-44c5-b3b3-555d4c586d79}</UniqueIdentifier>
    </Filter>
    <Filter Include="07.AI&amp;Algorithm\01.BaseShooter">
      <UniqueIdentifier>{a35d5837-ebb0-4edb-80fd-ba3a4f4575c5}</UniqueIdentifier>
    </Filter>
    <Filter Include="01.Object\07.SkyBox">
      <UniqueIdentifier>{39612869-5cbd-470c-85bc-98364b0de235}</UniqueIdentifier>
    </Filter>
    <Filter Include="01.Object\09.Light">
      <UniqueIdentifier>{91b74688-ea82-4a17-bf05-233845cd4539}</UniqueIdentifier>
    </Filter>
    <Filter Include="01.Object\09.Light\00.TestLight">
      <UniqueIdentifier>{9883b46a-a405-46e6-b57b-603b993055b1}</UniqueIdentifier>
    </Filter>
    <Filter Include="02.Scene\01.Logo\00.LogoImage">
      <UniqueIdentifier>{709a0607-cfee-4f76-b215-cdbb596d9e43}</UniqueIdentifier>
    </Filter>
    <Filter Include="01.Object\00.TestObject">
      <UniqueIdentifier>{820d7cdc-6b74-43e3-8dd6-6a8efb2738d5}</UniqueIdentifier>
    </Filter>
    <Filter Include="01.Object\01.Player">
      <UniqueIdentifier>{d50e7383-afbf-49fa-b9ee-0787d7bf34b7}</UniqueIdentifier>
    </Filter>
    <Filter Include="01.Object\02.StaticObject">
      <UniqueIdentifier>{b66ecb36-a461-4d77-b3c4-3f3f39786a79}</UniqueIdentifier>
    </Filter>
    <Filter Include="01.Object\03.DynamicObject">
      <UniqueIdentifier>{2be581b9-6487-4022-aa0a-e821f9d2e0a4}</UniqueIdentifier>
    </Filter>
    <Filter Include="01.Object\04.Camera">
      <UniqueIdentifier>{9c2ddd88-51c6-484a-8ed0-86c664fce97b}</UniqueIdentifier>
    </Filter>
    <Filter Include="01.Object\04.Camera\00.TestCamera">
      <UniqueIdentifier>{f7f3516d-b05f-4daf-af48-ecfdef50568b}</UniqueIdentifier>
    </Filter>
    <Filter Include="01.Object\05.Terrain">
      <UniqueIdentifier>{88216a3b-7335-4903-8c45-d75a37bf1cca}</UniqueIdentifier>
    </Filter>
    <Filter Include="01.Object\05.Terrain\00.TestTerrain">
      <UniqueIdentifier>{7f10cf5d-f658-4e87-a254-6490c98b843a}</UniqueIdentifier>
    </Filter>
    <Filter Include="01.Object\08.NaviMeshController">
      <UniqueIdentifier>{220619b5-b484-4109-8e04-2a6caae1fc49}</UniqueIdentifier>
    </Filter>
    <Filter Include="01.Object\06.Map">
      <UniqueIdentifier>{e8c1ac74-853e-4847-afc9-00e13cf8f084}</UniqueIdentifier>
    </Filter>
    <Filter Include="01.Object\06.Map\00.Test">
      <UniqueIdentifier>{5574c94a-53f7-4333-af31-e7f5af6e9fd1}</UniqueIdentifier>
    </Filter>
    <Filter Include="01.Object\06.Map\01.MainA">
      <UniqueIdentifier>{f30e58eb-da17-4d04-9112-396627150bae}</UniqueIdentifier>
    </Filter>
    <Filter Include="01.Object\06.Map\02.MainB">
      <UniqueIdentifier>{82ae621c-9029-4958-9c8a-bbca437c0e09}</UniqueIdentifier>
    </Filter>
    <Filter Include="01.Object\06.Map\03.MainC">
      <UniqueIdentifier>{d531a3ab-df26-466f-a0ec-b2ee091881b5}</UniqueIdentifier>
    </Filter>
    <Filter Include="02.Scene\05.MainStageA">
      <UniqueIdentifier>{c2c69ea8-e2c5-4038-9a55-498e5a7b7007}</UniqueIdentifier>
    </Filter>
    <Filter Include="02.Scene\06.MainStageB">
      <UniqueIdentifier>{34edae9a-760d-428e-8c1e-b9f0014d9716}</UniqueIdentifier>
    </Filter>
    <Filter Include="02.Scene\07.MainStageC">
      <UniqueIdentifier>{d8bbe616-5a6e-48a5-afff-dd38017ddefb}</UniqueIdentifier>
    </Filter>
    <Filter Include="01.Object\01.Player\00.TestPlayer">
      <UniqueIdentifier>{cee92ae2-1878-47d9-96a0-4bb960dbb680}</UniqueIdentifier>
    </Filter>
    <Filter Include="01.Object\04.Camera\01.MainCamera">
      <UniqueIdentifier>{c4b3ad17-c309-4270-8693-818c67170668}</UniqueIdentifier>
    </Filter>
    <Filter Include="01.Object\01.Player\01.Player">
      <UniqueIdentifier>{e6ecae46-e2e7-4830-a2aa-0c08264d5685}</UniqueIdentifier>
    </Filter>
    <Filter Include="01.Object\11.PlayerWeapon">
      <UniqueIdentifier>{e0edf15c-1f0d-4a1d-a06c-7c356f320c03}</UniqueIdentifier>
    </Filter>
    <Filter Include="01.Object\11.PlayerWeapon\00.Crowbar">
      <UniqueIdentifier>{ca747cf7-3742-48b4-9e32-c8c90917ba12}</UniqueIdentifier>
    </Filter>
    <Filter Include="01.Object\11.PlayerWeapon\01.Pistol">
      <UniqueIdentifier>{67fee342-7c94-42f7-9d8e-5f270cb49ccb}</UniqueIdentifier>
    </Filter>
    <Filter Include="01.Object\11.PlayerWeapon\02.SMG">
      <UniqueIdentifier>{1944c582-494a-4fd1-9871-aa16f0fd3a82}</UniqueIdentifier>
    </Filter>
    <Filter Include="01.Object\11.PlayerWeapon\03.Rifle">
      <UniqueIdentifier>{dba8254b-38e3-4129-888e-78a0eec9f6d0}</UniqueIdentifier>
    </Filter>
    <Filter Include="01.Object\11.PlayerWeapon\04.Shotgun">
      <UniqueIdentifier>{e5011944-458c-4acd-876a-38a248e9a303}</UniqueIdentifier>
    </Filter>
    <Filter Include="01.Object\11.PlayerWeapon\05.PhysCannon">
      <UniqueIdentifier>{f2ede5c6-68bb-4528-a9db-180ffb5030d0}</UniqueIdentifier>
    </Filter>
    <Filter Include="01.Object\11.PlayerWeapon\06.RPG">
      <UniqueIdentifier>{55307d67-ec01-443d-bfb5-45850c407b3a}</UniqueIdentifier>
    </Filter>
    <Filter Include="01.Object\09.Light\01.StageALight">
      <UniqueIdentifier>{83d14207-0a9d-4b99-80a5-4bc0d8c7a57c}</UniqueIdentifier>
    </Filter>
    <Filter Include="01.Object\03.DynamicObject\00.Enemy">
      <UniqueIdentifier>{56fdf04d-5038-491d-a203-8c063ee4dfb8}</UniqueIdentifier>
    </Filter>
    <Filter Include="01.Object\03.DynamicObject\00.Enemy\00.AntLion">
      <UniqueIdentifier>{e05d53af-b8e0-412d-b4da-3716a3c05376}</UniqueIdentifier>
    </Filter>
    <Filter Include="01.Object\03.DynamicObject\01.Boss">
      <UniqueIdentifier>{a88acf50-2934-4870-aa0f-b6d634ea8b29}</UniqueIdentifier>
    </Filter>
    <Filter Include="01.Object\03.DynamicObject\00.Enemy\01.Hunter">
      <UniqueIdentifier>{31f777c7-f028-4411-a016-73135420186f}</UniqueIdentifier>
    </Filter>
    <Filter Include="01.Object\03.DynamicObject\01.Boss\00.BossHunter">
      <UniqueIdentifier>{0a68b05b-6c07-45ed-8931-209ffb3475b9}</UniqueIdentifier>
    </Filter>
    <Filter Include="01.Object\03.DynamicObject\01.Boss\01.Strider">
      <UniqueIdentifier>{ece3d0b5-0929-4332-a289-2613e87ef7a9}</UniqueIdentifier>
    </Filter>
  </ItemGroup>
  <ItemGroup>
    <ClInclude Include="D3DX_Single_GameProject.h">
      <Filter>99.Default</Filter>
    </ClInclude>
    <ClInclude Include="Resource.h">
      <Filter>99.Default</Filter>
    </ClInclude>
    <ClInclude Include="targetver.h">
      <Filter>99.Default</Filter>
    </ClInclude>
    <ClInclude Include="..\Headers\MainGame.h">
      <Filter>00.MainGame</Filter>
    </ClInclude>
    <ClInclude Include="..\Headers\Client_Enum.h">
      <Filter>98.BaseHeader</Filter>
    </ClInclude>
    <ClInclude Include="..\Headers\Client_Struct.h">
      <Filter>98.BaseHeader</Filter>
    </ClInclude>
    <ClInclude Include="..\Headers\Client_Define.h">
      <Filter>98.BaseHeader</Filter>
    </ClInclude>
    <ClInclude Include="..\Headers\framework.h">
      <Filter>98.BaseHeader</Filter>
    </ClInclude>
    <ClInclude Include="..\Headers\TestStage.h">
      <Filter>02.Scene\00.Test</Filter>
    </ClInclude>
    <ClInclude Include="..\Headers\BaseAI.h">
      <Filter>07.AI&amp;Algorithm</Filter>
    </ClInclude>
    <ClInclude Include="..\Headers\LoadingScene.h">
      <Filter>02.Scene\02.Loading</Filter>
    </ClInclude>
    <ClInclude Include="..\Headers\BaseLogoScene.h">
      <Filter>02.Scene\01.Logo</Filter>
    </ClInclude>
    <ClInclude Include="..\Headers\DynamicObject.h">
      <Filter>01.Object\03.DynamicObject</Filter>
    </ClInclude>
    <ClInclude Include="..\Headers\TestCamera.h">
      <Filter>01.Object\04.Camera\00.TestCamera</Filter>
    </ClInclude>
    <ClInclude Include="..\Headers\StaticObject.h">
      <Filter>01.Object\02.StaticObject</Filter>
    </ClInclude>
    <ClInclude Include="..\Headers\TestTerrain.h">
      <Filter>01.Object\05.Terrain\00.TestTerrain</Filter>
    </ClInclude>
    <ClInclude Include="..\Headers\SkyBox.h">
      <Filter>01.Object\07.SkyBox</Filter>
    </ClInclude>
    <ClInclude Include="..\Headers\TestLight.h">
      <Filter>01.Object\09.Light\00.TestLight</Filter>
    </ClInclude>
    <ClInclude Include="..\Headers\LogoImage.h">
      <Filter>02.Scene\01.Logo\00.LogoImage</Filter>
    </ClInclude>
    <ClInclude Include="..\Headers\TestObject.h">
      <Filter>01.Object\00.TestObject</Filter>
    </ClInclude>
    <ClInclude Include="..\Headers\NaviMeshController.h">
      <Filter>01.Object\08.NaviMeshController</Filter>
    </ClInclude>
    <ClInclude Include="..\Headers\MapObject.h">
      <Filter>01.Object\06.Map</Filter>
    </ClInclude>
    <ClInclude Include="..\Headers\TestMapObject.h">
      <Filter>01.Object\06.Map\00.Test</Filter>
    </ClInclude>
    <ClInclude Include="..\Headers\MainMapA.h">
      <Filter>01.Object\06.Map\01.MainA</Filter>
    </ClInclude>
    <ClInclude Include="..\Headers\MainStageA.h">
      <Filter>02.Scene\05.MainStageA</Filter>
    </ClInclude>
    <ClInclude Include="..\Headers\TestPlayer.h">
      <Filter>01.Object\01.Player\00.TestPlayer</Filter>
    </ClInclude>
    <ClInclude Include="..\Headers\MainCamera.h">
      <Filter>01.Object\04.Camera\01.MainCamera</Filter>
    </ClInclude>
    <ClInclude Include="..\Headers\Player.h">
      <Filter>01.Object\01.Player\01.Player</Filter>
    </ClInclude>
    <ClInclude Include="..\Headers\PlayerWeapon.h">
      <Filter>01.Object\11.PlayerWeapon</Filter>
    </ClInclude>
    <ClInclude Include="..\Headers\WeaponCrowBar.h">
      <Filter>01.Object\11.PlayerWeapon\00.Crowbar</Filter>
    </ClInclude>
    <ClInclude Include="..\Headers\WeaponPistol.h">
      <Filter>01.Object\11.PlayerWeapon\01.Pistol</Filter>
    </ClInclude>
    <ClInclude Include="..\Headers\WeaponSMG.h">
      <Filter>01.Object\11.PlayerWeapon\02.SMG</Filter>
    </ClInclude>
    <ClInclude Include="..\Headers\WeaponRifle.h">
      <Filter>01.Object\11.PlayerWeapon\03.Rifle</Filter>
    </ClInclude>
    <ClInclude Include="..\Headers\WeaponShotgun.h">
      <Filter>01.Object\11.PlayerWeapon\04.Shotgun</Filter>
    </ClInclude>
    <ClInclude Include="..\Headers\WeaponPhysCannon.h">
      <Filter>01.Object\11.PlayerWeapon\05.PhysCannon</Filter>
    </ClInclude>
    <ClInclude Include="..\Headers\WeaponRPG.h">
      <Filter>01.Object\11.PlayerWeapon\06.RPG</Filter>
    </ClInclude>
    <ClInclude Include="..\Headers\StageALight.h">
      <Filter>01.Object\09.Light\01.StageALight</Filter>
    </ClInclude>
    <ClInclude Include="..\Headers\EnemyAntLion.h">
      <Filter>01.Object\03.DynamicObject\00.Enemy\00.AntLion</Filter>
    </ClInclude>
    <ClInclude Include="..\Headers\EnemyHunter.h">
      <Filter>01.Object\03.DynamicObject\00.Enemy\01.Hunter</Filter>
    </ClInclude>
  </ItemGroup>
  <ItemGroup>
    <ResourceCompile Include="D3DX_Single_GameProject.rc">
      <Filter>리소스 파일</Filter>
    </ResourceCompile>
  </ItemGroup>
  <ItemGroup>
    <Image Include="small.ico">
      <Filter>리소스 파일</Filter>
    </Image>
    <Image Include="D3DX_Single_GameProject.ico">
      <Filter>리소스 파일</Filter>
    </Image>
  </ItemGroup>
  <ItemGroup>
    <ClCompile Include="D3DX_Single_GameProject.cpp">
      <Filter>99.Default</Filter>
    </ClCompile>
    <ClCompile Include="..\Codes\MainGame.cpp">
      <Filter>00.MainGame</Filter>
    </ClCompile>
    <ClCompile Include="..\Codes\TestStage.cpp">
      <Filter>02.Scene\00.Test</Filter>
    </ClCompile>
    <ClCompile Include="..\Codes\BaseAI.cpp">
      <Filter>07.AI&amp;Algorithm</Filter>
    </ClCompile>
    <ClCompile Include="..\Codes\LoadingScene.cpp">
      <Filter>02.Scene\02.Loading</Filter>
    </ClCompile>
    <ClCompile Include="..\Codes\BaseLogoScene.cpp">
      <Filter>02.Scene\01.Logo</Filter>
    </ClCompile>
    <ClCompile Include="..\Codes\DynamicObject.cpp">
      <Filter>01.Object\03.DynamicObject</Filter>
    </ClCompile>
    <ClCompile Include="..\Codes\TestCamera.cpp">
      <Filter>01.Object\04.Camera\00.TestCamera</Filter>
    </ClCompile>
    <ClCompile Include="..\Codes\StaticObject.cpp">
      <Filter>01.Object\02.StaticObject</Filter>
    </ClCompile>
    <ClCompile Include="..\Codes\TestTerrain.cpp">
      <Filter>01.Object\05.Terrain\00.TestTerrain</Filter>
    </ClCompile>
    <ClCompile Include="..\Codes\SkyBox.cpp">
      <Filter>01.Object\07.SkyBox</Filter>
    </ClCompile>
    <ClCompile Include="..\Codes\TestLight.cpp">
      <Filter>01.Object\09.Light\00.TestLight</Filter>
    </ClCompile>
    <ClCompile Include="..\Codes\LogoImage.cpp">
      <Filter>02.Scene\01.Logo\00.LogoImage</Filter>
    </ClCompile>
    <ClCompile Include="..\Codes\TestObject.cpp">
      <Filter>01.Object\00.TestObject</Filter>
    </ClCompile>
    <ClCompile Include="..\Codes\NaviMeshController.cpp">
      <Filter>01.Object\08.NaviMeshController</Filter>
    </ClCompile>
    <ClCompile Include="..\Codes\MapObject.cpp">
      <Filter>01.Object\06.Map</Filter>
    </ClCompile>
    <ClCompile Include="..\Codes\TestMapObject.cpp">
      <Filter>01.Object\06.Map\00.Test</Filter>
    </ClCompile>
    <ClCompile Include="..\Codes\MainMapA.cpp">
      <Filter>01.Object\06.Map\01.MainA</Filter>
    </ClCompile>
    <ClCompile Include="..\Codes\MainStageA.cpp">
      <Filter>02.Scene\05.MainStageA</Filter>
    </ClCompile>
    <ClCompile Include="..\Codes\TestPlayer.cpp">
      <Filter>01.Object\01.Player\00.TestPlayer</Filter>
    </ClCompile>
    <ClCompile Include="..\Codes\MainCamera.cpp">
      <Filter>01.Object\04.Camera\01.MainCamera</Filter>
    </ClCompile>
    <ClCompile Include="..\Codes\Player.cpp">
      <Filter>01.Object\01.Player\01.Player</Filter>
    </ClCompile>
    <ClCompile Include="..\Codes\PlayerWeapon.cpp">
      <Filter>01.Object\11.PlayerWeapon</Filter>
    </ClCompile>
    <ClCompile Include="..\Codes\WeaponCrowBar.cpp">
      <Filter>01.Object\11.PlayerWeapon\00.Crowbar</Filter>
    </ClCompile>
    <ClCompile Include="..\Codes\WeaponPistol.cpp">
      <Filter>01.Object\11.PlayerWeapon\01.Pistol</Filter>
    </ClCompile>
    <ClCompile Include="..\Codes\WeaponSMG.cpp">
      <Filter>01.Object\11.PlayerWeapon\02.SMG</Filter>
    </ClCompile>
    <ClCompile Include="..\Codes\WeaponRifle.cpp">
      <Filter>01.Object\11.PlayerWeapon\03.Rifle</Filter>
    </ClCompile>
    <ClCompile Include="..\Codes\WeaponShotgun.cpp">
      <Filter>01.Object\11.PlayerWeapon\04.Shotgun</Filter>
    </ClCompile>
    <ClCompile Include="..\Codes\WeaponPhysCannon.cpp">
      <Filter>01.Object\11.PlayerWeapon\05.PhysCannon</Filter>
    </ClCompile>
    <ClCompile Include="..\Codes\WeaponRPG.cpp">
      <Filter>01.Object\11.PlayerWeapon\06.RPG</Filter>
    </ClCompile>
    <ClCompile Include="..\Codes\StageALight.cpp">
      <Filter>01.Object\09.Light\01.StageALight</Filter>
    </ClCompile>
    <ClCompile Include="..\Codes\EnemyAntLion.cpp">
      <Filter>01.Object\03.DynamicObject\00.Enemy\00.AntLion</Filter>
    </ClCompile>
    <ClCompile Include="..\Codes\EnemyHunter.cpp">
      <Filter>01.Object\03.DynamicObject\00.Enemy\01.Hunter</Filter>
    </ClCompile>
  </ItemGroup>
</Project>